{
  "name": "weather_app",
  "lockfileVersion": 3,
  "requires": true,
  "packages": {
    "": {
      "dependencies": {
        "@meteocons/lottie": "^0.1.0"
      }
    },
    "node_modules/@meteocons/lottie": {
      "version": "0.1.0",
      "resolved": "https://registry.npmjs.org/@meteocons/lottie/-/lottie-0.1.0.tgz",
      "integrity": "sha512-VyQ+yJxgmkZDYiRgJ2Elj8Rzbp74f8ZoOQHJxEXO6iOoxLqQLipxbgEqDjrD1K5ox3QnolFZlUg6v1+KpHBv6g==",
      "license": "MIT"
    }
  }
}
